
Microsoft Visual Studio Solution File, Format Version 12.00
# Visual Studio Version 16
VisualStudioVersion = 16.0.28803.156
MinimumVisualStudioVersion = 10.0.40219.1
Project("{8BC9CEB8-8B4A-11D0-8D11-00A0C91BC942}") = "Program 12", "Program 12\Program 12.vcxproj", "{2D8ECF90-8DCD-4590-98BC-13D3FE4CE4DC}"
EndProject
Global
	GlobalSection(SolutionConfigurationPlatforms) = preSolution
		Debug|x64 = Debug|x64
		Debug|x86 = Debug|x86
		Release|x64 = Release|x64
		Release|x86 = Release|x86
	EndGlobalSection
	GlobalSection(ProjectConfigurationPlatforms) = postSolution
		{2D8ECF90-8DCD-4590-98BC-13D3FE4CE4DC}.Debug|x64.ActiveCfg = Debug|x64
		{2D8ECF90-8DCD-4590-98BC-13D3FE4CE4DC}.Debug|x64.Build.0 = Debug|x64
		{2D8ECF90-8DCD-4590-98BC-13D3FE4CE4DC}.Debug|x86.ActiveCfg = Debug|Win32
		{2D8ECF90-8DCD-4590-98BC-13D3FE4CE4DC}.Debug|x86.Build.0 = Debug|Win32
		{2D8ECF90-8DCD-4590-98BC-13D3FE4CE4DC}.Release|x64.ActiveCfg = Release|x64
		{2D8ECF90-8DCD-4590-98BC-13D3FE4CE4DC}.Release|x64.Build.0 = Release|x64
		{2D8ECF90-8DCD-4590-98BC-13D3FE4CE4DC}.Release|x86.ActiveCfg = Release|Win32
		{2D8ECF90-8DCD-4590-98BC-13D3FE4CE4DC}.Release|x86.Build.0 = Release|Win32
	EndGlobalSection
	GlobalSection(SolutionProperties) = preSolution
		HideSolutionNode = FALSE
	EndGlobalSection
	GlobalSection(ExtensibilityGlobals) = postSolution
		SolutionGuid = {9515274D-3476-4E72-ADF5-60D2A3D87B61}
	EndGlobalSection
EndGlobal
