
Microsoft Visual Studio Solution File, Format Version 12.00
# Visual Studio Version 16
VisualStudioVersion = 16.0.29318.209
MinimumVisualStudioVersion = 10.0.40219.1
Project("{8BC9CEB8-8B4A-11D0-8D11-00A0C91BC942}") = "PROGRAM 23", "PROGRAM 23\PROGRAM 23.vcxproj", "{E54362BB-C01A-43DD-8C34-1A253A18588D}"
EndProject
Global
	GlobalSection(SolutionConfigurationPlatforms) = preSolution
		Debug|x64 = Debug|x64
		Debug|x86 = Debug|x86
		Release|x64 = Release|x64
		Release|x86 = Release|x86
	EndGlobalSection
	GlobalSection(ProjectConfigurationPlatforms) = postSolution
		{E54362BB-C01A-43DD-8C34-1A253A18588D}.Debug|x64.ActiveCfg = Debug|x64
		{E54362BB-C01A-43DD-8C34-1A253A18588D}.Debug|x64.Build.0 = Debug|x64
		{E54362BB-C01A-43DD-8C34-1A253A18588D}.Debug|x86.ActiveCfg = Debug|Win32
		{E54362BB-C01A-43DD-8C34-1A253A18588D}.Debug|x86.Build.0 = Debug|Win32
		{E54362BB-C01A-43DD-8C34-1A253A18588D}.Release|x64.ActiveCfg = Release|x64
		{E54362BB-C01A-43DD-8C34-1A253A18588D}.Release|x64.Build.0 = Release|x64
		{E54362BB-C01A-43DD-8C34-1A253A18588D}.Release|x86.ActiveCfg = Release|Win32
		{E54362BB-C01A-43DD-8C34-1A253A18588D}.Release|x86.Build.0 = Release|Win32
	EndGlobalSection
	GlobalSection(SolutionProperties) = preSolution
		HideSolutionNode = FALSE
	EndGlobalSection
	GlobalSection(ExtensibilityGlobals) = postSolution
		SolutionGuid = {61EC3DA6-38A4-47D5-BD72-A327B9098F00}
	EndGlobalSection
EndGlobal
